// !$*UTF8*$!
{
	archiveVersion = 1;
	classes = {
	};
	objectVersion = 77;
	objects = {

/* Begin PBXBuildFile section */
		225AFD842CA008BD00CFF03B /* Cocoa.framework in Frameworks */ = {isa = PBXBuildFile; fileRef = 225AFD832CA008BD00CFF03B /* Cocoa.framework */; };
		225AFD902CA008BD00CFF03B /* Code Wrapper.appex in Embed Foundation Extensions */ = {isa = PBXBuildFile; fileRef = 225AFD812CA008BD00CFF03B /* Code Wrapper.appex */; settings = {ATTRIBUTES = (RemoveHeadersOnCopy, ); }; };
		225AFD962CA0092400CFF03B /* XcodeKit.framework in Frameworks */ = {isa = PBXBuildFile; fileRef = 225AFD852CA008BD00CFF03B /* XcodeKit.framework */; };
		225AFD972CA0092400CFF03B /* XcodeKit.framework in Embed Frameworks */ = {isa = PBXBuildFile; fileRef = 225AFD852CA008BD00CFF03B /* XcodeKit.framework */; settings = {ATTRIBUTES = (CodeSignOnCopy, RemoveHeadersOnCopy, ); }; };
/* End PBXBuildFile section */

/* Begin PBXContainerItemProxy section */
		225AFD8E2CA008BD00CFF03B /* PBXContainerItemProxy */ = {
			isa = PBXContainerItemProxy;
			containerPortal = 225AFD632CA0084C00CFF03B /* Project object */;
			proxyType = 1;
			remoteGlobalIDString = 225AFD802CA008BD00CFF03B;
			remoteInfo = SourceEditorExtension;
		};
/* End PBXContainerItemProxy section */

/* Begin PBXCopyFilesBuildPhase section */
		225AFD952CA008BD00CFF03B /* Embed Foundation Extensions */ = {
			isa = PBXCopyFilesBuildPhase;
			buildActionMask = 2147483647;
			dstPath = "";
			dstSubfolderSpec = 13;
			files = (
				225AFD902CA008BD00CFF03B /* Code Wrapper.appex in Embed Foundation Extensions */,
			);
			name = "Embed Foundation Extensions";
			runOnlyForDeploymentPostprocessing = 0;
		};
		225AFD982CA0092400CFF03B /* Embed Frameworks */ = {
			isa = PBXCopyFilesBuildPhase;
			buildActionMask = 2147483647;
			dstPath = "";
			dstSubfolderSpec = 10;
			files = (
				225AFD972CA0092400CFF03B /* XcodeKit.framework in Embed Frameworks */,
			);
			name = "Embed Frameworks";
			runOnlyForDeploymentPostprocessing = 0;
		};
/* End PBXCopyFilesBuildPhase section */

/* Begin PBXFileReference section */
		225AFD6B2CA0084C00CFF03B /* CodeWrapper.app */ = {isa = PBXFileReference; explicitFileType = wrapper.application; includeInIndex = 0; path = CodeWrapper.app; sourceTree = BUILT_PRODUCTS_DIR; };
		225AFD812CA008BD00CFF03B /* Code Wrapper.appex */ = {isa = PBXFileReference; explicitFileType = "wrapper.app-extension"; includeInIndex = 0; path = "Code Wrapper.appex"; sourceTree = BUILT_PRODUCTS_DIR; };
		225AFD832CA008BD00CFF03B /* Cocoa.framework */ = {isa = PBXFileReference; lastKnownFileType = wrapper.framework; name = Cocoa.framework; path = System/Library/Frameworks/Cocoa.framework; sourceTree = SDKROOT; };
		225AFD852CA008BD00CFF03B /* XcodeKit.framework */ = {isa = PBXFileReference; lastKnownFileType = wrapper.framework; name = XcodeKit.framework; path = Library/Frameworks/XcodeKit.framework; sourceTree = DEVELOPER_DIR; };
/* End PBXFileReference section */

/* Begin PBXFileSystemSynchronizedBuildFileExceptionSet section */
		225AFD912CA008BD00CFF03B /* Exceptions for "SourceEditorExtension" folder in "Code Wrapper" target */ = {
			isa = PBXFileSystemSynchronizedBuildFileExceptionSet;
			membershipExceptions = (
				Info.plist,
			);
			target = 225AFD802CA008BD00CFF03B /* Code Wrapper */;
		};
/* End PBXFileSystemSynchronizedBuildFileExceptionSet section */

/* Begin PBXFileSystemSynchronizedRootGroup section */
		225AFD6D2CA0084C00CFF03B /* CodeWrapper */ = {
			isa = PBXFileSystemSynchronizedRootGroup;
			path = CodeWrapper;
			sourceTree = "<group>";
		};
		225AFD872CA008BD00CFF03B /* SourceEditorExtension */ = {
			isa = PBXFileSystemSynchronizedRootGroup;
			exceptions = (
				225AFD912CA008BD00CFF03B /* Exceptions for "SourceEditorExtension" folder in "Code Wrapper" target */,
			);
			path = SourceEditorExtension;
			sourceTree = "<group>";
		};
/* End PBXFileSystemSynchronizedRootGroup section */

/* Begin PBXFrameworksBuildPhase section */
		225AFD682CA0084C00CFF03B /* Frameworks */ = {
			isa = PBXFrameworksBuildPhase;
			buildActionMask = 2147483647;
			files = (
			);
			runOnlyForDeploymentPostprocessing = 0;
		};
		225AFD7E2CA008BD00CFF03B /* Frameworks */ = {
			isa = PBXFrameworksBuildPhase;
			buildActionMask = 2147483647;
			files = (
				225AFD842CA008BD00CFF03B /* Cocoa.framework in Frameworks */,
				225AFD962CA0092400CFF03B /* XcodeKit.framework in Frameworks */,
			);
			runOnlyForDeploymentPostprocessing = 0;
		};
/* End PBXFrameworksBuildPhase section */

/* Begin PBXGroup section */
		225AFD622CA0084C00CFF03B = {
			isa = PBXGroup;
			children = (
				225AFD6D2CA0084C00CFF03B /* CodeWrapper */,
				225AFD872CA008BD00CFF03B /* SourceEditorExtension */,
				225AFD822CA008BD00CFF03B /* Frameworks */,
				225AFD6C2CA0084C00CFF03B /* Products */,
			);
			sourceTree = "<group>";
		};
		225AFD6C2CA0084C00CFF03B /* Products */ = {
			isa = PBXGroup;
			children = (
				225AFD6B2CA0084C00CFF03B /* CodeWrapper.app */,
				225AFD812CA008BD00CFF03B /* Code Wrapper.appex */,
			);
			name = Products;
			sourceTree = "<group>";
		};
		225AFD822CA008BD00CFF03B /* Frameworks */ = {
			isa = PBXGroup;
			children = (
				225AFD832CA008BD00CFF03B /* Cocoa.framework */,
				225AFD852CA008BD00CFF03B /* XcodeKit.framework */,
			);
			name = Frameworks;
			sourceTree = "<group>";
		};
/* End PBXGroup section */

/* Begin PBXNativeTarget section */
		225AFD6A2CA0084C00CFF03B /* CodeWrapper */ = {
			isa = PBXNativeTarget;
			buildConfigurationList = 225AFD7A2CA0084C00CFF03B /* Build configuration list for PBXNativeTarget "CodeWrapper" */;
			buildPhases = (
				225AFD672CA0084C00CFF03B /* Sources */,
				225AFD682CA0084C00CFF03B /* Frameworks */,
				225AFD692CA0084C00CFF03B /* Resources */,
				225AFD952CA008BD00CFF03B /* Embed Foundation Extensions */,
			);
			buildRules = (
			);
			dependencies = (
				225AFD8F2CA008BD00CFF03B /* PBXTargetDependency */,
			);
			fileSystemSynchronizedGroups = (
				225AFD6D2CA0084C00CFF03B /* CodeWrapper */,
			);
			name = CodeWrapper;
			packageProductDependencies = (
			);
			productName = CodeWrapper;
			productReference = 225AFD6B2CA0084C00CFF03B /* CodeWrapper.app */;
			productType = "com.apple.product-type.application";
		};
		225AFD802CA008BD00CFF03B /* Code Wrapper */ = {
			isa = PBXNativeTarget;
			buildConfigurationList = 225AFD922CA008BD00CFF03B /* Build configuration list for PBXNativeTarget "Code Wrapper" */;
			buildPhases = (
				225AFD7D2CA008BD00CFF03B /* Sources */,
				225AFD7E2CA008BD00CFF03B /* Frameworks */,
				225AFD7F2CA008BD00CFF03B /* Resources */,
				225AFD982CA0092400CFF03B /* Embed Frameworks */,
			);
			buildRules = (
			);
			dependencies = (
			);
			fileSystemSynchronizedGroups = (
				225AFD872CA008BD00CFF03B /* SourceEditorExtension */,
			);
			name = "Code Wrapper";
			packageProductDependencies = (
			);
			productName = SourceEditorExtension;
			productReference = 225AFD812CA008BD00CFF03B /* Code Wrapper.appex */;
			productType = "com.apple.product-type.xcode-extension";
		};
/* End PBXNativeTarget section */

/* Begin PBXProject section */
		225AFD632CA0084C00CFF03B /* Project object */ = {
			isa = PBXProject;
			attributes = {
				BuildIndependentTargetsInParallel = 1;
				LastSwiftUpdateCheck = 1600;
				LastUpgradeCheck = 1600;
				TargetAttributes = {
					225AFD6A2CA0084C00CFF03B = {
						CreatedOnToolsVersion = 16.0;
					};
					225AFD802CA008BD00CFF03B = {
						CreatedOnToolsVersion = 16.0;
					};
				};
			};
			buildConfigurationList = 225AFD662CA0084C00CFF03B /* Build configuration list for PBXProject "CodeWrapper" */;
			developmentRegion = en;
			hasScannedForEncodings = 0;
			knownRegions = (
				en,
				Base,
			);
			mainGroup = 225AFD622CA0084C00CFF03B;
			minimizedProjectReferenceProxies = 1;
			preferredProjectObjectVersion = 77;
			productRefGroup = 225AFD6C2CA0084C00CFF03B /* Products */;
			projectDirPath = "";
			projectRoot = "";
			targets = (
				225AFD6A2CA0084C00CFF03B /* CodeWrapper */,
				225AFD802CA008BD00CFF03B /* Code Wrapper */,
			);
		};
/* End PBXProject section */

/* Begin PBXResourcesBuildPhase section */
		225AFD692CA0084C00CFF03B /* Resources */ = {
			isa = PBXResourcesBuildPhase;
			buildActionMask = 2147483647;
			files = (
			);
			runOnlyForDeploymentPostprocessing = 0;
		};
		225AFD7F2CA008BD00CFF03B /* Resources */ = {
			isa = PBXResourcesBuildPhase;
			buildActionMask = 2147483647;
			files = (
			);
			runOnlyForDeploymentPostprocessing = 0;
		};
/* End PBXResourcesBuildPhase section */

/* Begin PBXSourcesBuildPhase section */
		225AFD672CA0084C00CFF03B /* Sources */ = {
			isa = PBXSourcesBuildPhase;
			buildActionMask = 2147483647;
			files = (
			);
			runOnlyForDeploymentPostprocessing = 0;
		};
		225AFD7D2CA008BD00CFF03B /* Sources */ = {
			isa = PBXSourcesBuildPhase;
			buildActionMask = 2147483647;
			files = (
			);
			runOnlyForDeploymentPostprocessing = 0;
		};
/* End PBXSourcesBuildPhase section */

/* Begin PBXTargetDependency section */
		225AFD8F2CA008BD00CFF03B /* PBXTargetDependency */ = {
			isa = PBXTargetDependency;
			target = 225AFD802CA008BD00CFF03B /* Code Wrapper */;
			targetProxy = 225AFD8E2CA008BD00CFF03B /* PBXContainerItemProxy */;
		};
/* End PBXTargetDependency section */

/* Begin XCBuildConfiguration section */
		225AFD782CA0084C00CFF03B /* Debug */ = {
			isa = XCBuildConfiguration;
			buildSettings = {
				ALWAYS_SEARCH_USER_PATHS = NO;
				ASSETCATALOG_COMPILER_GENERATE_SWIFT_ASSET_SYMBOL_EXTENSIONS = YES;
				CLANG_ANALYZER_NONNULL = YES;
				CLANG_ANALYZER_NUMBER_OBJECT_CONVERSION = YES_AGGRESSIVE;
				CLANG_CXX_LANGUAGE_STANDARD = "gnu++20";
				CLANG_ENABLE_MODULES = YES;
				CLANG_ENABLE_OBJC_ARC = YES;
				CLANG_ENABLE_OBJC_WEAK = YES;
				CLANG_WARN_BLOCK_CAPTURE_AUTORELEASING = YES;
				CLANG_WARN_BOOL_CONVERSION = YES;
				CLANG_WARN_COMMA = YES;
				CLANG_WARN_CONSTANT_CONVERSION = YES;
				CLANG_WARN_DEPRECATED_OBJC_IMPLEMENTATIONS = YES;
				CLANG_WARN_DIRECT_OBJC_ISA_USAGE = YES_ERROR;
				CLANG_WARN_DOCUMENTATION_COMMENTS = YES;
				CLANG_WARN_EMPTY_BODY = YES;
				CLANG_WARN_ENUM_CONVERSION = YES;
				CLANG_WARN_INFINITE_RECURSION = YES;
				CLANG_WARN_INT_CONVERSION = YES;
				CLANG_WARN_NON_LITERAL_NULL_CONVERSION = YES;
				CLANG_WARN_OBJC_IMPLICIT_RETAIN_SELF = YES;
				CLANG_WARN_OBJC_LITERAL_CONVERSION = YES;
				CLANG_WARN_OBJC_ROOT_CLASS = YES_ERROR;
				CLANG_WARN_QUOTED_INCLUDE_IN_FRAMEWORK_HEADER = YES;
				CLANG_WARN_RANGE_LOOP_ANALYSIS = YES;
				CLANG_WARN_STRICT_PROTOTYPES = YES;
				CLANG_WARN_SUSPICIOUS_MOVE = YES;
				CLANG_WARN_UNGUARDED_AVAILABILITY = YES_AGGRESSIVE;
				CLANG_WARN_UNREACHABLE_CODE = YES;
				CLANG_WARN__DUPLICATE_METHOD_MATCH = YES;
				COPY_PHASE_STRIP = NO;
				DEBUG_INFORMATION_FORMAT = dwarf;
				ENABLE_STRICT_OBJC_MSGSEND = YES;
				ENABLE_TESTABILITY = YES;
				ENABLE_USER_SCRIPT_SANDBOXING = YES;
				GCC_C_LANGUAGE_STANDARD = gnu17;
				GCC_DYNAMIC_NO_PIC = NO;
				GCC_NO_COMMON_BLOCKS = YES;
				GCC_OPTIMIZATION_LEVEL = 0;
				GCC_PREPROCESSOR_DEFINITIONS = (
					"DEBUG=1",
					"$(inherited)",
				);
				GCC_WARN_64_TO_32_BIT_CONVERSION = YES;
				GCC_WARN_ABOUT_RETURN_TYPE = YES_ERROR;
				GCC_WARN_UNDECLARED_SELECTOR = YES;
				GCC_WARN_UNINITIALIZED_AUTOS = YES_AGGRESSIVE;
				GCC_WARN_UNUSED_FUNCTION = YES;
				GCC_WARN_UNUSED_VARIABLE = YES;
				LOCALIZATION_PREFERS_STRING_CATALOGS = YES;
				MACOSX_DEPLOYMENT_TARGET = 14.6;
				MTL_ENABLE_DEBUG_INFO = INCLUDE_SOURCE;
				MTL_FAST_MATH = YES;
				ONLY_ACTIVE_ARCH = YES;
				SDKROOT = macosx;
				SWIFT_ACTIVE_COMPILATION_CONDITIONS = "DEBUG $(inherited)";
				SWIFT_OPTIMIZATION_LEVEL = "-Onone";
			};
			name = Debug;
		};
		225AFD792CA0084C00CFF03B /* Release */ = {
			isa = XCBuildConfiguration;
			buildSettings = {
				ALWAYS_SEARCH_USER_PATHS = NO;
				ASSETCATALOG_COMPILER_GENERATE_SWIFT_ASSET_SYMBOL_EXTENSIONS = YES;
				CLANG_ANALYZER_NONNULL = YES;
				CLANG_ANALYZER_NUMBER_OBJECT_CONVERSION = YES_AGGRESSIVE;
				CLANG_CXX_LANGUAGE_STANDARD = "gnu++20";
				CLANG_ENABLE_MODULES = YES;
				CLANG_ENABLE_OBJC_ARC = YES;
				CLANG_ENABLE_OBJC_WEAK = YES;
				CLANG_WARN_BLOCK_CAPTURE_AUTORELEASING = YES;
				CLANG_WARN_BOOL_CONVERSION = YES;
				CLANG_WARN_COMMA = YES;
				CLANG_WARN_CONSTANT_CONVERSION = YES;
				CLANG_WARN_DEPRECATED_OBJC_IMPLEMENTATIONS = YES;
				CLANG_WARN_DIRECT_OBJC_ISA_USAGE = YES_ERROR;
				CLANG_WARN_DOCUMENTATION_COMMENTS = YES;
				CLANG_WARN_EMPTY_BODY = YES;
				CLANG_WARN_ENUM_CONVERSION = YES;
				CLANG_WARN_INFINITE_RECURSION = YES;
				CLANG_WARN_INT_CONVERSION = YES;
				CLANG_WARN_NON_LITERAL_NULL_CONVERSION = YES;
				CLANG_WARN_OBJC_IMPLICIT_RETAIN_SELF = YES;
				CLANG_WARN_OBJC_LITERAL_CONVERSION = YES;
				CLANG_WARN_OBJC_ROOT_CLASS = YES_ERROR;
				CLANG_WARN_QUOTED_INCLUDE_IN_FRAMEWORK_HEADER = YES;
				CLANG_WARN_RANGE_LOOP_ANALYSIS = YES;
				CLANG_WARN_STRICT_PROTOTYPES = YES;
				CLANG_WARN_SUSPICIOUS_MOVE = YES;
				CLANG_WARN_UNGUARDED_AVAILABILITY = YES_AGGRESSIVE;
				CLANG_WARN_UNREACHABLE_CODE = YES;
				CLANG_WARN__DUPLICATE_METHOD_MATCH = YES;
				COPY_PHASE_STRIP = NO;
				DEBUG_INFORMATION_FORMAT = "dwarf-with-dsym";
				ENABLE_NS_ASSERTIONS = NO;
				ENABLE_STRICT_OBJC_MSGSEND = YES;
				ENABLE_USER_SCRIPT_SANDBOXING = YES;
				GCC_C_LANGUAGE_STANDARD = gnu17;
				GCC_NO_COMMON_BLOCKS = YES;
				GCC_WARN_64_TO_32_BIT_CONVERSION = YES;
				GCC_WARN_ABOUT_RETURN_TYPE = YES_ERROR;
				GCC_WARN_UNDECLARED_SELECTOR = YES;
				GCC_WARN_UNINITIALIZED_AUTOS = YES_AGGRESSIVE;
				GCC_WARN_UNUSED_FUNCTION = YES;
				GCC_WARN_UNUSED_VARIABLE = YES;
				LOCALIZATION_PREFERS_STRING_CATALOGS = YES;
				MACOSX_DEPLOYMENT_TARGET = 14.6;
				MTL_ENABLE_DEBUG_INFO = NO;
				MTL_FAST_MATH = YES;
				SDKROOT = macosx;
				SWIFT_COMPILATION_MODE = wholemodule;
			};
			name = Release;
		};
		225AFD7B2CA0084C00CFF03B /* Debug */ = {
			isa = XCBuildConfiguration;
			buildSettings = {
				ASSETCATALOG_COMPILER_APPICON_NAME = AppIcon;
				ASSETCATALOG_COMPILER_GLOBAL_ACCENT_COLOR_NAME = AccentColor;
				CODE_SIGN_ENTITLEMENTS = CodeWrapper/CodeWrapper.entitlements;
				CODE_SIGN_STYLE = Automatic;
				COMBINE_HIDPI_IMAGES = YES;
				CURRENT_PROJECT_VERSION = 1;
				DEVELOPMENT_ASSET_PATHS = "\"CodeWrapper/Preview Content\"";
				DEVELOPMENT_TEAM = FUG9F8QSPW;
				ENABLE_HARDENED_RUNTIME = YES;
				ENABLE_PREVIEWS = YES;
				GENERATE_INFOPLIST_FILE = YES;
				INFOPLIST_KEY_LSApplicationCategoryType = "public.app-category.developer-tools";
				INFOPLIST_KEY_NSHumanReadableCopyright = "";
				LD_RUNPATH_SEARCH_PATHS = (
					"$(inherited)",
					"@executable_path/../Frameworks",
				);
				MARKETING_VERSION = 1.0;
				PRODUCT_BUNDLE_IDENTIFIER = com.navtoj.CodeWrapper;
				PRODUCT_NAME = "$(TARGET_NAME)";
				SWIFT_EMIT_LOC_STRINGS = YES;
				SWIFT_VERSION = 5.0;
			};
			name = Debug;
		};
		225AFD7C2CA0084C00CFF03B /* Release */ = {
			isa = XCBuildConfiguration;
			buildSettings = {
				ASSETCATALOG_COMPILER_APPICON_NAME = AppIcon;
				ASSETCATALOG_COMPILER_GLOBAL_ACCENT_COLOR_NAME = AccentColor;
				CODE_SIGN_ENTITLEMENTS = CodeWrapper/CodeWrapper.entitlements;
				CODE_SIGN_STYLE = Automatic;
				COMBINE_HIDPI_IMAGES = YES;
				CURRENT_PROJECT_VERSION = 1;
				DEVELOPMENT_ASSET_PATHS = "\"CodeWrapper/Preview Content\"";
				DEVELOPMENT_TEAM = FUG9F8QSPW;
				ENABLE_HARDENED_RUNTIME = YES;
				ENABLE_PREVIEWS = YES;
				GENERATE_INFOPLIST_FILE = YES;
				INFOPLIST_KEY_LSApplicationCategoryType = "public.app-category.developer-tools";
				INFOPLIST_KEY_NSHumanReadableCopyright = "";
				LD_RUNPATH_SEARCH_PATHS = (
					"$(inherited)",
					"@executable_path/../Frameworks",
				);
				MARKETING_VERSION = 1.0;
				PRODUCT_BUNDLE_IDENTIFIER = com.navtoj.CodeWrapper;
				PRODUCT_NAME = "$(TARGET_NAME)";
				SWIFT_EMIT_LOC_STRINGS = YES;
				SWIFT_VERSION = 5.0;
			};
			name = Release;
		};
		225AFD932CA008BD00CFF03B /* Debug */ = {
			isa = XCBuildConfiguration;
			buildSettings = {
				CODE_SIGN_ENTITLEMENTS = SourceEditorExtension/SourceEditorExtension.entitlements;
				CODE_SIGN_STYLE = Automatic;
				COMBINE_HIDPI_IMAGES = YES;
				CURRENT_PROJECT_VERSION = 1;
				DEVELOPMENT_TEAM = FUG9F8QSPW;
				ENABLE_HARDENED_RUNTIME = YES;
				GENERATE_INFOPLIST_FILE = YES;
				INFOPLIST_FILE = SourceEditorExtension/Info.plist;
				INFOPLIST_KEY_CFBundleDisplayName = "Code Wrapper";
				INFOPLIST_KEY_NSHumanReadableCopyright = "";
				LD_RUNPATH_SEARCH_PATHS = (
					"$(inherited)",
					"@executable_path/../Frameworks",
					"@executable_path/../../../../Frameworks",
				);
				MARKETING_VERSION = 1.0;
				PRODUCT_BUNDLE_IDENTIFIER = com.navtoj.CodeWrapper.SourceEditorExtension;
				PRODUCT_NAME = "$(TARGET_NAME)";
				SKIP_INSTALL = YES;
				SWIFT_EMIT_LOC_STRINGS = YES;
				SWIFT_VERSION = 5.0;
			};
			name = Debug;
		};
		225AFD942CA008BD00CFF03B /* Release */ = {
			isa = XCBuildConfiguration;
			buildSettings = {
				CODE_SIGN_ENTITLEMENTS = SourceEditorExtension/SourceEditorExtension.entitlements;
				CODE_SIGN_STYLE = Automatic;
				COMBINE_HIDPI_IMAGES = YES;
				CURRENT_PROJECT_VERSION = 1;
				DEVELOPMENT_TEAM = FUG9F8QSPW;
				ENABLE_HARDENED_RUNTIME = YES;
				GENERATE_INFOPLIST_FILE = YES;
				INFOPLIST_FILE = SourceEditorExtension/Info.plist;
				INFOPLIST_KEY_CFBundleDisplayName = "Code Wrapper";
				INFOPLIST_KEY_NSHumanReadableCopyright = "";
				LD_RUNPATH_SEARCH_PATHS = (
					"$(inherited)",
					"@executable_path/../Frameworks",
					"@executable_path/../../../../Frameworks",
				);
				MARKETING_VERSION = 1.0;
				PRODUCT_BUNDLE_IDENTIFIER = com.navtoj.CodeWrapper.SourceEditorExtension;
				PRODUCT_NAME = "$(TARGET_NAME)";
				SKIP_INSTALL = YES;
				SWIFT_EMIT_LOC_STRINGS = YES;
				SWIFT_VERSION = 5.0;
			};
			name = Release;
		};
/* End XCBuildConfiguration section */

/* Begin XCConfigurationList section */
		225AFD662CA0084C00CFF03B /* Build configuration list for PBXProject "CodeWrapper" */ = {
			isa = XCConfigurationList;
			buildConfigurations = (
				225AFD782CA0084C00CFF03B /* Debug */,
				225AFD792CA0084C00CFF03B /* Release */,
			);
			defaultConfigurationIsVisible = 0;
			defaultConfigurationName = Release;
		};
		225AFD7A2CA0084C00CFF03B /* Build configuration list for PBXNativeTarget "CodeWrapper" */ = {
			isa = XCConfigurationList;
			buildConfigurations = (
				225AFD7B2CA0084C00CFF03B /* Debug */,
				225AFD7C2CA0084C00CFF03B /* Release */,
			);
			defaultConfigurationIsVisible = 0;
			defaultConfigurationName = Release;
		};
		225AFD922CA008BD00CFF03B /* Build configuration list for PBXNativeTarget "Code Wrapper" */ = {
			isa = XCConfigurationList;
			buildConfigurations = (
				225AFD932CA008BD00CFF03B /* Debug */,
				225AFD942CA008BD00CFF03B /* Release */,
			);
			defaultConfigurationIsVisible = 0;
			defaultConfigurationName = Release;
		};
/* End XCConfigurationList section */
	};
	rootObject = 225AFD632CA0084C00CFF03B /* Project object */;
}
